// !$*UTF8*$!
{
	archiveVersion = 1;
	classes = {
	};
	objectVersion = 46;
	objects = {

/* Begin PBXBuildFile section */
		444374E61E968DD200D5E56B /* main.m in Sources */ = {isa = PBXBuildFile; fileRef = 444374E51E968DD200D5E56B /* main.m */; };
		444374E91E968DD200D5E56B /* AppDelegate.m in Sources */ = {isa = PBXBuildFile; fileRef = 444374E81E968DD200D5E56B /* AppDelegate.m */; };
		444374EC1E968DD200D5E56B /* ViewController.m in Sources */ = {isa = PBXBuildFile; fileRef = 444374EB1E968DD200D5E56B /* ViewController.m */; };
		444374EF1E968DD200D5E56B /* Main.storyboard in Resources */ = {isa = PBXBuildFile; fileRef = 444374ED1E968DD200D5E56B /* Main.storyboard */; };
		444374F11E968DD200D5E56B /* Assets.xcassets in Resources */ = {isa = PBXBuildFile; fileRef = 444374F01E968DD200D5E56B /* Assets.xcassets */; };
		444374F41E968DD200D5E56B /* LaunchScreen.storyboard in Resources */ = {isa = PBXBuildFile; fileRef = 444374F21E968DD200D5E56B /* LaunchScreen.storyboard */; };
/* End PBXBuildFile section */

/* Begin PBXFileReference section */
		444374E11E968DD200D5E56B /* 17.app */ = {isa = PBXFileReference; explicitFileType = wrapper.application; includeInIndex = 0; path = 17.app; sourceTree = BUILT_PRODUCTS_DIR; };
		444374E51E968DD200D5E56B /* main.m */ = {isa = PBXFileReference; lastKnownFileType = sourcecode.c.objc; path = main.m; sourceTree = "<group>"; };
		444374E71E968DD200D5E56B /* AppDelegate.h */ = {isa = PBXFileReference; lastKnownFileType = sourcecode.c.h; path = AppDelegate.h; sourceTree = "<group>"; };
		444374E81E968DD200D5E56B /* AppDelegate.m */ = {isa = PBXFileReference; lastKnownFileType = sourcecode.c.objc; path = AppDelegate.m; sourceTree = "<group>"; };
		444374EA1E968DD200D5E56B /* ViewController.h */ = {isa = PBXFileReference; lastKnownFileType = sourcecode.c.h; path = ViewController.h; sourceTree = "<group>"; };
		444374EB1E968DD200D5E56B /* ViewController.m */ = {isa = PBXFileReference; lastKnownFileType = sourcecode.c.objc; path = ViewController.m; sourceTree = "<group>"; };
		444374EE1E968DD200D5E56B /* Base */ = {isa = PBXFileReference; lastKnownFileType = file.storyboard; name = Base; path = Base.lproj/Main.storyboard; sourceTree = "<group>"; };
		444374F01E968DD200D5E56B /* Assets.xcassets */ = {isa = PBXFileReference; lastKnownFileType = folder.assetcatalog; path = Assets.xcassets; sourceTree = "<group>"; };
		444374F31E968DD200D5E56B /* Base */ = {isa = PBXFileReference; lastKnownFileType = file.storyboard; name = Base; path = Base.lproj/LaunchScreen.storyboard; sourceTree = "<group>"; };
		444374F51E968DD200D5E56B /* Info.plist */ = {isa = PBXFileReference; lastKnownFileType = text.plist.xml; path = Info.plist; sourceTree = "<group>"; };
/* End PBXFileReference section */

/* Begin PBXFrameworksBuildPhase section */
		444374DE1E968DD200D5E56B /* Frameworks */ = {
			isa = PBXFrameworksBuildPhase;
			buildActionMask = 2147483647;
			files = (
			);
			runOnlyForDeploymentPostprocessing = 0;
		};
/* End PBXFrameworksBuildPhase section */

/* Begin PBXGroup section */
		444374D81E968DD200D5E56B = {
			isa = PBXGroup;
			children = (
				444374E31E968DD200D5E56B /* 17 */,
				444374E21E968DD200D5E56B /* Products */,
			);
			sourceTree = "<group>";
		};
		444374E21E968DD200D5E56B /* Products */ = {
			isa = PBXGroup;
			children = (
				444374E11E968DD200D5E56B /* 17.app */,
			);
			name = Products;
			sourceTree = "<group>";
		};
		444374E31E968DD200D5E56B /* 17 */ = {
			isa = PBXGroup;
			children = (
				444374E71E968DD200D5E56B /* AppDelegate.h */,
				444374E81E968DD200D5E56B /* AppDelegate.m */,
				444374EA1E968DD200D5E56B /* ViewController.h */,
				444374EB1E968DD200D5E56B /* ViewController.m */,
				444374ED1E968DD200D5E56B /* Main.storyboard */,
				444374F01E968DD200D5E56B /* Assets.xcassets */,
				444374F21E968DD200D5E56B /* LaunchScreen.storyboard */,
				444374F51E968DD200D5E56B /* Info.plist */,
				444374E41E968DD200D5E56B /* Supporting Files */,
			);
			path = 17;
			sourceTree = "<group>";
		};
		444374E41E968DD200D5E56B /* Supporting Files */ = {
			isa = PBXGroup;
			children = (
				444374E51E968DD200D5E56B /* main.m */,
			);
			name = "Supporting Files";
			sourceTree = "<group>";
		};
/* End PBXGroup section */

/* Begin PBXNativeTarget section */
		444374E01E968DD200D5E56B /* 17 */ = {
			isa = PBXNativeTarget;
			buildConfigurationList = 444374F81E968DD200D5E56B /* Build configuration list for PBXNativeTarget "17" */;
			buildPhases = (
				444374DD1E968DD200D5E56B /* Sources */,
				444374DE1E968DD200D5E56B /* Frameworks */,
				444374DF1E968DD200D5E56B /* Resources */,
			);
			buildRules = (
			);
			dependencies = (
			);
			name = 17;
			productName = 17;
			productReference = 444374E11E968DD200D5E56B /* 17.app */;
			productType = "com.apple.product-type.application";
		};
/* End PBXNativeTarget section */

/* Begin PBXProject section */
		444374D91E968DD200D5E56B /* Project object */ = {
			isa = PBXProject;
			attributes = {
				LastUpgradeCheck = 0830;
				ORGANIZATIONNAME = "Pedro Ferreira de Matos";
				TargetAttributes = {
					444374E01E968DD200D5E56B = {
						CreatedOnToolsVersion = 8.3;
						DevelopmentTeam = LTQ44L49S9;
						ProvisioningStyle = Automatic;
					};
				};
			};
			buildConfigurationList = 444374DC1E968DD200D5E56B /* Build configuration list for PBXProject "17" */;
			compatibilityVersion = "Xcode 3.2";
			developmentRegion = English;
			hasScannedForEncodings = 0;
			knownRegions = (
				en,
				Base,
			);
			mainGroup = 444374D81E968DD200D5E56B;
			productRefGroup = 444374E21E968DD200D5E56B /* Products */;
			projectDirPath = "";
			projectRoot = "";
			targets = (
				444374E01E968DD200D5E56B /* 17 */,
			);
		};
/* End PBXProject section */

/* Begin PBXResourcesBuildPhase section */
		444374DF1E968DD200D5E56B /* Resources */ = {
			isa = PBXResourcesBuildPhase;
			buildActionMask = 2147483647;
			files = (
				444374F41E968DD200D5E56B /* LaunchScreen.storyboard in Resources */,
				444374F11E968DD200D5E56B /* Assets.xcassets in Resources */,
				444374EF1E968DD200D5E56B /* Main.storyboard in Resources */,
			);
			runOnlyForDeploymentPostprocessing = 0;
		};
/* End PBXResourcesBuildPhase section */

/* Begin PBXSourcesBuildPhase section */
		444374DD1E968DD200D5E56B /* Sources */ = {
			isa = PBXSourcesBuildPhase;
			buildActionMask = 2147483647;
			files = (
				444374EC1E968DD200D5E56B /* ViewController.m in Sources */,
				444374E91E968DD200D5E56B /* AppDelegate.m in Sources */,
				444374E61E968DD200D5E56B /* main.m in Sources */,
			);
			runOnlyForDeploymentPostprocessing = 0;
		};
/* End PBXSourcesBuildPhase section */

/* Begin PBXVariantGroup section */
		444374ED1E968DD200D5E56B /* Main.storyboard */ = {
			isa = PBXVariantGroup;
			children = (
				444374EE1E968DD200D5E56B /* Base */,
			);
			name = Main.storyboard;
			sourceTree = "<group>";
		};
		444374F21E968DD200D5E56B /* LaunchScreen.storyboard */ = {
			isa = PBXVariantGroup;
			children = (
				444374F31E968DD200D5E56B /* Base */,
			);
			name = LaunchScreen.storyboard;
			sourceTree = "<group>";
		};
/* End PBXVariantGroup section */

/* Begin XCBuildConfiguration section */
		444374F61E968DD200D5E56B /* Debug */ = {
			isa = XCBuildConfiguration;
			buildSettings = {
				ALWAYS_SEARCH_USER_PATHS = NO;
				CLANG_ANALYZER_NONNULL = YES;
				CLANG_ANALYZER_NUMBER_OBJECT_CONVERSION = YES_AGGRESSIVE;
				CLANG_CXX_LANGUAGE_STANDARD = "gnu++0x";
				CLANG_CXX_LIBRARY = "libc++";
				CLANG_ENABLE_MODULES = YES;
				CLANG_ENABLE_OBJC_ARC = YES;
				CLANG_WARN_BOOL_CONVERSION = YES;
				CLANG_WARN_CONSTANT_CONVERSION = YES;
				CLANG_WARN_DIRECT_OBJC_ISA_USAGE = YES_ERROR;
				CLANG_WARN_DOCUMENTATION_COMMENTS = YES;
				CLANG_WARN_EMPTY_BODY = YES;
				CLANG_WARN_ENUM_CONVERSION = YES;
				CLANG_WARN_INFINITE_RECURSION = YES;
				CLANG_WARN_INT_CONVERSION = YES;
				CLANG_WARN_OBJC_ROOT_CLASS = YES_ERROR;
				CLANG_WARN_SUSPICIOUS_MOVE = YES;
				CLANG_WARN_UNREACHABLE_CODE = YES;
				CLANG_WARN__DUPLICATE_METHOD_MATCH = YES;
				"CODE_SIGN_IDENTITY[sdk=iphoneos*]" = "iPhone Developer";
				COPY_PHASE_STRIP = NO;
				DEBUG_INFORMATION_FORMAT = dwarf;
				ENABLE_STRICT_OBJC_MSGSEND = YES;
				ENABLE_TESTABILITY = YES;
				GCC_C_LANGUAGE_STANDARD = gnu99;
				GCC_DYNAMIC_NO_PIC = NO;
				GCC_NO_COMMON_BLOCKS = YES;
				GCC_OPTIMIZATION_LEVEL = 0;
				GCC_PREPROCESSOR_DEFINITIONS = (
					"DEBUG=1",
					"$(inherited)",
				);
				GCC_WARN_64_TO_32_BIT_CONVERSION = YES;
				GCC_WARN_ABOUT_RETURN_TYPE = YES_ERROR;
				GCC_WARN_UNDECLARED_SELECTOR = YES;
				GCC_WARN_UNINITIALIZED_AUTOS = YES_AGGRESSIVE;
				GCC_WARN_UNUSED_FUNCTION = YES;
				GCC_WARN_UNUSED_VARIABLE = YES;
				IPHONEOS_DEPLOYMENT_TARGET = 10.3;
				MTL_ENABLE_DEBUG_INFO = YES;
				ONLY_ACTIVE_ARCH = YES;
				SDKROOT = iphoneos;
			};
			name = Debug;
		};
		444374F71E968DD200D5E56B /* Release */ = {
			isa = XCBuildConfiguration;
			buildSettings = {
				ALWAYS_SEARCH_USER_PATHS = NO;
				CLANG_ANALYZER_NONNULL = YES;
				CLANG_ANALYZER_NUMBER_OBJECT_CONVERSION = YES_AGGRESSIVE;
				CLANG_CXX_LANGUAGE_STANDARD = "gnu++0x";
				CLANG_CXX_LIBRARY = "libc++";
				CLANG_ENABLE_MODULES = YES;
				CLANG_ENABLE_OBJC_ARC = YES;
				CLANG_WARN_BOOL_CONVERSION = YES;
				CLANG_WARN_CONSTANT_CONVERSION = YES;
				CLANG_WARN_DIRECT_OBJC_ISA_USAGE = YES_ERROR;
				CLANG_WARN_DOCUMENTATION_COMMENTS = YES;
				CLANG_WARN_EMPTY_BODY = YES;
				CLANG_WARN_ENUM_CONVERSION = YES;
				CLANG_WARN_INFINITE_RECURSION = YES;
				CLANG_WARN_INT_CONVERSION = YES;
				CLANG_WARN_OBJC_ROOT_CLASS = YES_ERROR;
				CLANG_WARN_SUSPICIOUS_MOVE = YES;
				CLANG_WARN_UNREACHABLE_CODE = YES;
				CLANG_WARN__DUPLICATE_METHOD_MATCH = YES;
				"CODE_SIGN_IDENTITY[sdk=iphoneos*]" = "iPhone Developer";
				COPY_PHASE_STRIP = NO;
				DEBUG_INFORMATION_FORMAT = "dwarf-with-dsym";
				ENABLE_NS_ASSERTIONS = NO;
				ENABLE_STRICT_OBJC_MSGSEND = YES;
				GCC_C_LANGUAGE_STANDARD = gnu99;
				GCC_NO_COMMON_BLOCKS = YES;
				GCC_WARN_64_TO_32_BIT_CONVERSION = YES;
				GCC_WARN_ABOUT_RETURN_TYPE = YES_ERROR;
				GCC_WARN_UNDECLARED_SELECTOR = YES;
				GCC_WARN_UNINITIALIZED_AUTOS = YES_AGGRESSIVE;
				GCC_WARN_UNUSED_FUNCTION = YES;
				GCC_WARN_UNUSED_VARIABLE = YES;
				IPHONEOS_DEPLOYMENT_TARGET = 10.3;
				MTL_ENABLE_DEBUG_INFO = NO;
				SDKROOT = iphoneos;
				VALIDATE_PRODUCT = YES;
			};
			name = Release;
		};
		444374F91E968DD200D5E56B /* Debug */ = {
			isa = XCBuildConfiguration;
			buildSettings = {
				ASSETCATALOG_COMPILER_APPICON_NAME = AppIcon;
				DEVELOPMENT_TEAM = LTQ44L49S9;
				INFOPLIST_FILE = 17/Info.plist;
				IPHONEOS_DEPLOYMENT_TARGET = 9.3;
				LD_RUNPATH_SEARCH_PATHS = "$(inherited) @executable_path/Frameworks";
				PRODUCT_BUNDLE_IDENTIFIER = "CM.-7";
				PRODUCT_NAME = "$(TARGET_NAME)";
			};
			name = Debug;
		};
		444374FA1E968DD200D5E56B /* Release */ = {
			isa = XCBuildConfiguration;
			buildSettings = {
				ASSETCATALOG_COMPILER_APPICON_NAME = AppIcon;
				DEVELOPMENT_TEAM = LTQ44L49S9;
				INFOPLIST_FILE = 17/Info.plist;
				IPHONEOS_DEPLOYMENT_TARGET = 9.3;
				LD_RUNPATH_SEARCH_PATHS = "$(inherited) @executable_path/Frameworks";
				PRODUCT_BUNDLE_IDENTIFIER = "CM.-7";
				PRODUCT_NAME = "$(TARGET_NAME)";
			};
			name = Release;
		};
/* End XCBuildConfiguration section */

/* Begin XCConfigurationList section */
		444374DC1E968DD200D5E56B /* Build configuration list for PBXProject "17" */ = {
			isa = XCConfigurationList;
			buildConfigurations = (
				444374F61E968DD200D5E56B /* Debug */,
				444374F71E968DD200D5E56B /* Release */,
			);
			defaultConfigurationIsVisible = 0;
			defaultConfigurationName = Release;
		};
		444374F81E968DD200D5E56B /* Build configuration list for PBXNativeTarget "17" */ = {
			isa = XCConfigurationList;
			buildConfigurations = (
				444374F91E968DD200D5E56B /* Debug */,
				444374FA1E968DD200D5E56B /* Release */,
			);
			defaultConfigurationIsVisible = 0;
			defaultConfigurationName = Release;
		};
/* End XCConfigurationList section */
	};
	rootObject = 444374D91E968DD200D5E56B /* Project object */;
}
