// !$*UTF8*$!
{
	archiveVersion = 1;
	classes = {
	};
	objectVersion = 46;
	objects = {

/* Begin PBXBuildFile section */
		4427F1DF1EC7587600ECD198 /* CoreLocation.framework in Frameworks */ = {isa = PBXBuildFile; fileRef = 4427F1DE1EC7587600ECD198 /* CoreLocation.framework */; };
		4427F1E21EC75AF600ECD198 /* MapController.m in Sources */ = {isa = PBXBuildFile; fileRef = 4427F1E11EC75AF600ECD198 /* MapController.m */; };
		4427F1E41EC7607C00ECD198 /* MapKit.framework in Frameworks */ = {isa = PBXBuildFile; fileRef = 4427F1E31EC7607C00ECD198 /* MapKit.framework */; };
		4484252E1EC7256D00994A7B /* main.m in Sources */ = {isa = PBXBuildFile; fileRef = 4484252D1EC7256D00994A7B /* main.m */; };
		448425311EC7256D00994A7B /* AppDelegate.m in Sources */ = {isa = PBXBuildFile; fileRef = 448425301EC7256D00994A7B /* AppDelegate.m */; };
		448425341EC7256D00994A7B /* ViewController.m in Sources */ = {isa = PBXBuildFile; fileRef = 448425331EC7256D00994A7B /* ViewController.m */; };
		448425371EC7256D00994A7B /* Main.storyboard in Resources */ = {isa = PBXBuildFile; fileRef = 448425351EC7256D00994A7B /* Main.storyboard */; };
		448425391EC7256D00994A7B /* Assets.xcassets in Resources */ = {isa = PBXBuildFile; fileRef = 448425381EC7256D00994A7B /* Assets.xcassets */; };
		4484253C1EC7256D00994A7B /* LaunchScreen.storyboard in Resources */ = {isa = PBXBuildFile; fileRef = 4484253A1EC7256D00994A7B /* LaunchScreen.storyboard */; };
		44AE871B1EC9FEEE001E36C3 /* MeasurementHelper.m in Sources */ = {isa = PBXBuildFile; fileRef = 44AE871A1EC9FEEE001E36C3 /* MeasurementHelper.m */; };
		44AE871E1EC9FF22001E36C3 /* Constants.m in Sources */ = {isa = PBXBuildFile; fileRef = 44AE871D1EC9FF22001E36C3 /* Constants.m */; };
		44AE87211ECA2D24001E36C3 /* SignUpViewController.m in Sources */ = {isa = PBXBuildFile; fileRef = 44AE87201ECA2D24001E36C3 /* SignUpViewController.m */; };
		44D43BAE1EC9DCB3005A9F2E /* GoogleService-Info.plist in Resources */ = {isa = PBXBuildFile; fileRef = 44D43BAD1EC9DCB3005A9F2E /* GoogleService-Info.plist */; };
		67C7B4AC02A21D713D329234 /* libPods-GeoMapping.a in Frameworks */ = {isa = PBXBuildFile; fileRef = 694C4AAE593BD4AA6FB2B14B /* libPods-GeoMapping.a */; };
/* End PBXBuildFile section */

/* Begin PBXFileReference section */
		4427F1DE1EC7587600ECD198 /* CoreLocation.framework */ = {isa = PBXFileReference; lastKnownFileType = wrapper.framework; name = CoreLocation.framework; path = System/Library/Frameworks/CoreLocation.framework; sourceTree = SDKROOT; };
		4427F1E01EC75AF600ECD198 /* MapController.h */ = {isa = PBXFileReference; fileEncoding = 4; lastKnownFileType = sourcecode.c.h; path = MapController.h; sourceTree = "<group>"; };
		4427F1E11EC75AF600ECD198 /* MapController.m */ = {isa = PBXFileReference; fileEncoding = 4; lastKnownFileType = sourcecode.c.objc; path = MapController.m; sourceTree = "<group>"; };
		4427F1E31EC7607C00ECD198 /* MapKit.framework */ = {isa = PBXFileReference; lastKnownFileType = wrapper.framework; name = MapKit.framework; path = System/Library/Frameworks/MapKit.framework; sourceTree = SDKROOT; };
		448425291EC7256D00994A7B /* GeoMapping.app */ = {isa = PBXFileReference; explicitFileType = wrapper.application; includeInIndex = 0; path = GeoMapping.app; sourceTree = BUILT_PRODUCTS_DIR; };
		4484252D1EC7256D00994A7B /* main.m */ = {isa = PBXFileReference; lastKnownFileType = sourcecode.c.objc; path = main.m; sourceTree = "<group>"; };
		4484252F1EC7256D00994A7B /* AppDelegate.h */ = {isa = PBXFileReference; lastKnownFileType = sourcecode.c.h; path = AppDelegate.h; sourceTree = "<group>"; };
		448425301EC7256D00994A7B /* AppDelegate.m */ = {isa = PBXFileReference; lastKnownFileType = sourcecode.c.objc; path = AppDelegate.m; sourceTree = "<group>"; };
		448425321EC7256D00994A7B /* ViewController.h */ = {isa = PBXFileReference; lastKnownFileType = sourcecode.c.h; path = ViewController.h; sourceTree = "<group>"; };
		448425331EC7256D00994A7B /* ViewController.m */ = {isa = PBXFileReference; lastKnownFileType = sourcecode.c.objc; path = ViewController.m; sourceTree = "<group>"; };
		448425361EC7256D00994A7B /* Base */ = {isa = PBXFileReference; lastKnownFileType = file.storyboard; name = Base; path = Base.lproj/Main.storyboard; sourceTree = "<group>"; };
		448425381EC7256D00994A7B /* Assets.xcassets */ = {isa = PBXFileReference; lastKnownFileType = folder.assetcatalog; path = Assets.xcassets; sourceTree = "<group>"; };
		4484253B1EC7256D00994A7B /* Base */ = {isa = PBXFileReference; lastKnownFileType = file.storyboard; name = Base; path = Base.lproj/LaunchScreen.storyboard; sourceTree = "<group>"; };
		4484253D1EC7256D00994A7B /* Info.plist */ = {isa = PBXFileReference; lastKnownFileType = text.plist.xml; path = Info.plist; sourceTree = "<group>"; };
		44AE87191EC9FEEE001E36C3 /* MeasurementHelper.h */ = {isa = PBXFileReference; fileEncoding = 4; lastKnownFileType = sourcecode.c.h; path = MeasurementHelper.h; sourceTree = "<group>"; };
		44AE871A1EC9FEEE001E36C3 /* MeasurementHelper.m */ = {isa = PBXFileReference; fileEncoding = 4; lastKnownFileType = sourcecode.c.objc; path = MeasurementHelper.m; sourceTree = "<group>"; };
		44AE871C1EC9FF22001E36C3 /* Constants.h */ = {isa = PBXFileReference; fileEncoding = 4; lastKnownFileType = sourcecode.c.h; path = Constants.h; sourceTree = "<group>"; };
		44AE871D1EC9FF22001E36C3 /* Constants.m */ = {isa = PBXFileReference; fileEncoding = 4; lastKnownFileType = sourcecode.c.objc; path = Constants.m; sourceTree = "<group>"; };
		44AE871F1ECA2D24001E36C3 /* SignUpViewController.h */ = {isa = PBXFileReference; fileEncoding = 4; lastKnownFileType = sourcecode.c.h; path = SignUpViewController.h; sourceTree = "<group>"; };
		44AE87201ECA2D24001E36C3 /* SignUpViewController.m */ = {isa = PBXFileReference; fileEncoding = 4; lastKnownFileType = sourcecode.c.objc; path = SignUpViewController.m; sourceTree = "<group>"; };
		44D43BAD1EC9DCB3005A9F2E /* GoogleService-Info.plist */ = {isa = PBXFileReference; fileEncoding = 4; lastKnownFileType = text.plist.xml; name = "GoogleService-Info.plist"; path = "GeoMapping/GoogleService-Info.plist"; sourceTree = "<group>"; };
		694C4AAE593BD4AA6FB2B14B /* libPods-GeoMapping.a */ = {isa = PBXFileReference; explicitFileType = archive.ar; includeInIndex = 0; path = "libPods-GeoMapping.a"; sourceTree = BUILT_PRODUCTS_DIR; };
		A5626BD4CCF61C45E0C33CC2 /* Pods-GeoMapping.release.xcconfig */ = {isa = PBXFileReference; includeInIndex = 1; lastKnownFileType = text.xcconfig; name = "Pods-GeoMapping.release.xcconfig"; path = "Pods/Target Support Files/Pods-GeoMapping/Pods-GeoMapping.release.xcconfig"; sourceTree = "<group>"; };
		AD5DE3CE004651EBB87A6855 /* Pods-GeoMapping.debug.xcconfig */ = {isa = PBXFileReference; includeInIndex = 1; lastKnownFileType = text.xcconfig; name = "Pods-GeoMapping.debug.xcconfig"; path = "Pods/Target Support Files/Pods-GeoMapping/Pods-GeoMapping.debug.xcconfig"; sourceTree = "<group>"; };
/* End PBXFileReference section */

/* Begin PBXFrameworksBuildPhase section */
		448425261EC7256D00994A7B /* Frameworks */ = {
			isa = PBXFrameworksBuildPhase;
			buildActionMask = 2147483647;
			files = (
				4427F1E41EC7607C00ECD198 /* MapKit.framework in Frameworks */,
				4427F1DF1EC7587600ECD198 /* CoreLocation.framework in Frameworks */,
				67C7B4AC02A21D713D329234 /* libPods-GeoMapping.a in Frameworks */,
			);
			runOnlyForDeploymentPostprocessing = 0;
		};
/* End PBXFrameworksBuildPhase section */

/* Begin PBXGroup section */
		4427F1DB1EC7586E00ECD198 /* Frameworks */ = {
			isa = PBXGroup;
			children = (
				4427F1E31EC7607C00ECD198 /* MapKit.framework */,
				4427F1DE1EC7587600ECD198 /* CoreLocation.framework */,
				694C4AAE593BD4AA6FB2B14B /* libPods-GeoMapping.a */,
			);
			name = Frameworks;
			sourceTree = "<group>";
		};
		448425201EC7256D00994A7B = {
			isa = PBXGroup;
			children = (
				44D43BAD1EC9DCB3005A9F2E /* GoogleService-Info.plist */,
				4484252B1EC7256D00994A7B /* GeoMapping */,
				4484252A1EC7256D00994A7B /* Products */,
				4427F1DB1EC7586E00ECD198 /* Frameworks */,
				4B0F05BB0FB8932995341921 /* Pods */,
			);
			sourceTree = "<group>";
		};
		4484252A1EC7256D00994A7B /* Products */ = {
			isa = PBXGroup;
			children = (
				448425291EC7256D00994A7B /* GeoMapping.app */,
			);
			name = Products;
			sourceTree = "<group>";
		};
		4484252B1EC7256D00994A7B /* GeoMapping */ = {
			isa = PBXGroup;
			children = (
				44AE871C1EC9FF22001E36C3 /* Constants.h */,
				44AE871D1EC9FF22001E36C3 /* Constants.m */,
				44AE87191EC9FEEE001E36C3 /* MeasurementHelper.h */,
				44AE871A1EC9FEEE001E36C3 /* MeasurementHelper.m */,
				4484252F1EC7256D00994A7B /* AppDelegate.h */,
				448425301EC7256D00994A7B /* AppDelegate.m */,
				448425321EC7256D00994A7B /* ViewController.h */,
				448425331EC7256D00994A7B /* ViewController.m */,
				448425351EC7256D00994A7B /* Main.storyboard */,
				448425381EC7256D00994A7B /* Assets.xcassets */,
				4484253A1EC7256D00994A7B /* LaunchScreen.storyboard */,
				4484253D1EC7256D00994A7B /* Info.plist */,
				4484252C1EC7256D00994A7B /* Supporting Files */,
				4427F1E01EC75AF600ECD198 /* MapController.h */,
				4427F1E11EC75AF600ECD198 /* MapController.m */,
				44AE871F1ECA2D24001E36C3 /* SignUpViewController.h */,
				44AE87201ECA2D24001E36C3 /* SignUpViewController.m */,
			);
			path = GeoMapping;
			sourceTree = "<group>";
		};
		4484252C1EC7256D00994A7B /* Supporting Files */ = {
			isa = PBXGroup;
			children = (
				4484252D1EC7256D00994A7B /* main.m */,
			);
			name = "Supporting Files";
			sourceTree = "<group>";
		};
		4B0F05BB0FB8932995341921 /* Pods */ = {
			isa = PBXGroup;
			children = (
				AD5DE3CE004651EBB87A6855 /* Pods-GeoMapping.debug.xcconfig */,
				A5626BD4CCF61C45E0C33CC2 /* Pods-GeoMapping.release.xcconfig */,
			);
			name = Pods;
			sourceTree = "<group>";
		};
/* End PBXGroup section */

/* Begin PBXNativeTarget section */
		448425281EC7256D00994A7B /* GeoMapping */ = {
			isa = PBXNativeTarget;
			buildConfigurationList = 448425401EC7256D00994A7B /* Build configuration list for PBXNativeTarget "GeoMapping" */;
			buildPhases = (
				437795E029A4495754177DB6 /* [CP] Check Pods Manifest.lock */,
				448425251EC7256D00994A7B /* Sources */,
				448425261EC7256D00994A7B /* Frameworks */,
				448425271EC7256D00994A7B /* Resources */,
				88B2723B22F54DECDABDF5BF /* [CP] Embed Pods Frameworks */,
				0FA06CA8A4AF9386E8C62353 /* [CP] Copy Pods Resources */,
			);
			buildRules = (
			);
			dependencies = (
			);
			name = GeoMapping;
			productName = GeoMapping;
			productReference = 448425291EC7256D00994A7B /* GeoMapping.app */;
			productType = "com.apple.product-type.application";
		};
/* End PBXNativeTarget section */

/* Begin PBXProject section */
		448425211EC7256D00994A7B /* Project object */ = {
			isa = PBXProject;
			attributes = {
				LastUpgradeCheck = 0830;
				ORGANIZATIONNAME = "Pedro Ferreira de Matos";
				TargetAttributes = {
					448425281EC7256D00994A7B = {
						CreatedOnToolsVersion = 8.3.2;
						DevelopmentTeam = LTQ44L49S9;
						ProvisioningStyle = Automatic;
						SystemCapabilities = {
							com.apple.Maps.iOS = {
								enabled = 0;
							};
						};
					};
				};
			};
			buildConfigurationList = 448425241EC7256D00994A7B /* Build configuration list for PBXProject "GeoMapping" */;
			compatibilityVersion = "Xcode 3.2";
			developmentRegion = English;
			hasScannedForEncodings = 0;
			knownRegions = (
				en,
				Base,
			);
			mainGroup = 448425201EC7256D00994A7B;
			productRefGroup = 4484252A1EC7256D00994A7B /* Products */;
			projectDirPath = "";
			projectRoot = "";
			targets = (
				448425281EC7256D00994A7B /* GeoMapping */,
			);
		};
/* End PBXProject section */

/* Begin PBXResourcesBuildPhase section */
		448425271EC7256D00994A7B /* Resources */ = {
			isa = PBXResourcesBuildPhase;
			buildActionMask = 2147483647;
			files = (
				4484253C1EC7256D00994A7B /* LaunchScreen.storyboard in Resources */,
				44D43BAE1EC9DCB3005A9F2E /* GoogleService-Info.plist in Resources */,
				448425391EC7256D00994A7B /* Assets.xcassets in Resources */,
				448425371EC7256D00994A7B /* Main.storyboard in Resources */,
			);
			runOnlyForDeploymentPostprocessing = 0;
		};
/* End PBXResourcesBuildPhase section */

/* Begin PBXShellScriptBuildPhase section */
		0FA06CA8A4AF9386E8C62353 /* [CP] Copy Pods Resources */ = {
			isa = PBXShellScriptBuildPhase;
			buildActionMask = 2147483647;
			files = (
			);
			inputPaths = (
			);
			name = "[CP] Copy Pods Resources";
			outputPaths = (
			);
			runOnlyForDeploymentPostprocessing = 0;
			shellPath = /bin/sh;
			shellScript = "\"${SRCROOT}/Pods/Target Support Files/Pods-GeoMapping/Pods-GeoMapping-resources.sh\"\n";
			showEnvVarsInLog = 0;
		};
		437795E029A4495754177DB6 /* [CP] Check Pods Manifest.lock */ = {
			isa = PBXShellScriptBuildPhase;
			buildActionMask = 2147483647;
			files = (
			);
			inputPaths = (
			);
			name = "[CP] Check Pods Manifest.lock";
			outputPaths = (
			);
			runOnlyForDeploymentPostprocessing = 0;
			shellPath = /bin/sh;
			shellScript = "diff \"${PODS_PODFILE_DIR_PATH}/Podfile.lock\" \"${PODS_ROOT}/Manifest.lock\" > /dev/null\nif [ $? != 0 ] ; then\n    # print error to STDERR\n    echo \"error: The sandbox is not in sync with the Podfile.lock. Run 'pod install' or update your CocoaPods installation.\" >&2\n    exit 1\nfi\n";
			showEnvVarsInLog = 0;
		};
		88B2723B22F54DECDABDF5BF /* [CP] Embed Pods Frameworks */ = {
			isa = PBXShellScriptBuildPhase;
			buildActionMask = 2147483647;
			files = (
			);
			inputPaths = (
			);
			name = "[CP] Embed Pods Frameworks";
			outputPaths = (
			);
			runOnlyForDeploymentPostprocessing = 0;
			shellPath = /bin/sh;
			shellScript = "\"${SRCROOT}/Pods/Target Support Files/Pods-GeoMapping/Pods-GeoMapping-frameworks.sh\"\n";
			showEnvVarsInLog = 0;
		};
/* End PBXShellScriptBuildPhase section */

/* Begin PBXSourcesBuildPhase section */
		448425251EC7256D00994A7B /* Sources */ = {
			isa = PBXSourcesBuildPhase;
			buildActionMask = 2147483647;
			files = (
				44AE871B1EC9FEEE001E36C3 /* MeasurementHelper.m in Sources */,
				4427F1E21EC75AF600ECD198 /* MapController.m in Sources */,
				448425341EC7256D00994A7B /* ViewController.m in Sources */,
				448425311EC7256D00994A7B /* AppDelegate.m in Sources */,
				4484252E1EC7256D00994A7B /* main.m in Sources */,
				44AE87211ECA2D24001E36C3 /* SignUpViewController.m in Sources */,
				44AE871E1EC9FF22001E36C3 /* Constants.m in Sources */,
			);
			runOnlyForDeploymentPostprocessing = 0;
		};
/* End PBXSourcesBuildPhase section */

/* Begin PBXVariantGroup section */
		448425351EC7256D00994A7B /* Main.storyboard */ = {
			isa = PBXVariantGroup;
			children = (
				448425361EC7256D00994A7B /* Base */,
			);
			name = Main.storyboard;
			sourceTree = "<group>";
		};
		4484253A1EC7256D00994A7B /* LaunchScreen.storyboard */ = {
			isa = PBXVariantGroup;
			children = (
				4484253B1EC7256D00994A7B /* Base */,
			);
			name = LaunchScreen.storyboard;
			sourceTree = "<group>";
		};
/* End PBXVariantGroup section */

/* Begin XCBuildConfiguration section */
		4484253E1EC7256D00994A7B /* Debug */ = {
			isa = XCBuildConfiguration;
			buildSettings = {
				ALWAYS_SEARCH_USER_PATHS = NO;
				CLANG_ANALYZER_NONNULL = YES;
				CLANG_ANALYZER_NUMBER_OBJECT_CONVERSION = YES_AGGRESSIVE;
				CLANG_CXX_LANGUAGE_STANDARD = "gnu++0x";
				CLANG_CXX_LIBRARY = "libc++";
				CLANG_ENABLE_MODULES = YES;
				CLANG_ENABLE_OBJC_ARC = YES;
				CLANG_WARN_BOOL_CONVERSION = YES;
				CLANG_WARN_CONSTANT_CONVERSION = YES;
				CLANG_WARN_DIRECT_OBJC_ISA_USAGE = YES_ERROR;
				CLANG_WARN_DOCUMENTATION_COMMENTS = YES;
				CLANG_WARN_EMPTY_BODY = YES;
				CLANG_WARN_ENUM_CONVERSION = YES;
				CLANG_WARN_INFINITE_RECURSION = YES;
				CLANG_WARN_INT_CONVERSION = YES;
				CLANG_WARN_OBJC_ROOT_CLASS = YES_ERROR;
				CLANG_WARN_SUSPICIOUS_MOVE = YES;
				CLANG_WARN_UNREACHABLE_CODE = YES;
				CLANG_WARN__DUPLICATE_METHOD_MATCH = YES;
				"CODE_SIGN_IDENTITY[sdk=iphoneos*]" = "iPhone Developer";
				COPY_PHASE_STRIP = NO;
				DEBUG_INFORMATION_FORMAT = dwarf;
				ENABLE_STRICT_OBJC_MSGSEND = YES;
				ENABLE_TESTABILITY = YES;
				GCC_C_LANGUAGE_STANDARD = gnu99;
				GCC_DYNAMIC_NO_PIC = NO;
				GCC_NO_COMMON_BLOCKS = YES;
				GCC_OPTIMIZATION_LEVEL = 0;
				GCC_PREPROCESSOR_DEFINITIONS = (
					"DEBUG=1",
					"$(inherited)",
				);
				GCC_WARN_64_TO_32_BIT_CONVERSION = YES;
				GCC_WARN_ABOUT_RETURN_TYPE = YES_ERROR;
				GCC_WARN_UNDECLARED_SELECTOR = YES;
				GCC_WARN_UNINITIALIZED_AUTOS = YES_AGGRESSIVE;
				GCC_WARN_UNUSED_FUNCTION = YES;
				GCC_WARN_UNUSED_VARIABLE = YES;
				IPHONEOS_DEPLOYMENT_TARGET = 10.2;
				MTL_ENABLE_DEBUG_INFO = YES;
				ONLY_ACTIVE_ARCH = YES;
				SDKROOT = iphoneos;
			};
			name = Debug;
		};
		4484253F1EC7256D00994A7B /* Release */ = {
			isa = XCBuildConfiguration;
			buildSettings = {
				ALWAYS_SEARCH_USER_PATHS = NO;
				CLANG_ANALYZER_NONNULL = YES;
				CLANG_ANALYZER_NUMBER_OBJECT_CONVERSION = YES_AGGRESSIVE;
				CLANG_CXX_LANGUAGE_STANDARD = "gnu++0x";
				CLANG_CXX_LIBRARY = "libc++";
				CLANG_ENABLE_MODULES = YES;
				CLANG_ENABLE_OBJC_ARC = YES;
				CLANG_WARN_BOOL_CONVERSION = YES;
				CLANG_WARN_CONSTANT_CONVERSION = YES;
				CLANG_WARN_DIRECT_OBJC_ISA_USAGE = YES_ERROR;
				CLANG_WARN_DOCUMENTATION_COMMENTS = YES;
				CLANG_WARN_EMPTY_BODY = YES;
				CLANG_WARN_ENUM_CONVERSION = YES;
				CLANG_WARN_INFINITE_RECURSION = YES;
				CLANG_WARN_INT_CONVERSION = YES;
				CLANG_WARN_OBJC_ROOT_CLASS = YES_ERROR;
				CLANG_WARN_SUSPICIOUS_MOVE = YES;
				CLANG_WARN_UNREACHABLE_CODE = YES;
				CLANG_WARN__DUPLICATE_METHOD_MATCH = YES;
				"CODE_SIGN_IDENTITY[sdk=iphoneos*]" = "iPhone Developer";
				COPY_PHASE_STRIP = NO;
				DEBUG_INFORMATION_FORMAT = "dwarf-with-dsym";
				ENABLE_NS_ASSERTIONS = NO;
				ENABLE_STRICT_OBJC_MSGSEND = YES;
				GCC_C_LANGUAGE_STANDARD = gnu99;
				GCC_NO_COMMON_BLOCKS = YES;
				GCC_WARN_64_TO_32_BIT_CONVERSION = YES;
				GCC_WARN_ABOUT_RETURN_TYPE = YES_ERROR;
				GCC_WARN_UNDECLARED_SELECTOR = YES;
				GCC_WARN_UNINITIALIZED_AUTOS = YES_AGGRESSIVE;
				GCC_WARN_UNUSED_FUNCTION = YES;
				GCC_WARN_UNUSED_VARIABLE = YES;
				IPHONEOS_DEPLOYMENT_TARGET = 10.2;
				MTL_ENABLE_DEBUG_INFO = NO;
				SDKROOT = iphoneos;
				VALIDATE_PRODUCT = YES;
			};
			name = Release;
		};
		448425411EC7256D00994A7B /* Debug */ = {
			isa = XCBuildConfiguration;
			baseConfigurationReference = AD5DE3CE004651EBB87A6855 /* Pods-GeoMapping.debug.xcconfig */;
			buildSettings = {
				ASSETCATALOG_COMPILER_APPICON_NAME = AppIcon;
				DEVELOPMENT_TEAM = LTQ44L49S9;
				INFOPLIST_FILE = GeoMapping/Info.plist;
				IPHONEOS_DEPLOYMENT_TARGET = 10.2;
				LD_RUNPATH_SEARCH_PATHS = "$(inherited) @executable_path/Frameworks";
				PRODUCT_BUNDLE_IDENTIFIER = Tutoriais.GeoMapping;
				PRODUCT_NAME = "$(TARGET_NAME)";
			};
			name = Debug;
		};
		448425421EC7256D00994A7B /* Release */ = {
			isa = XCBuildConfiguration;
			baseConfigurationReference = A5626BD4CCF61C45E0C33CC2 /* Pods-GeoMapping.release.xcconfig */;
			buildSettings = {
				ASSETCATALOG_COMPILER_APPICON_NAME = AppIcon;
				DEVELOPMENT_TEAM = LTQ44L49S9;
				INFOPLIST_FILE = GeoMapping/Info.plist;
				IPHONEOS_DEPLOYMENT_TARGET = 10.2;
				LD_RUNPATH_SEARCH_PATHS = "$(inherited) @executable_path/Frameworks";
				PRODUCT_BUNDLE_IDENTIFIER = Tutoriais.GeoMapping;
				PRODUCT_NAME = "$(TARGET_NAME)";
			};
			name = Release;
		};
/* End XCBuildConfiguration section */

/* Begin XCConfigurationList section */
		448425241EC7256D00994A7B /* Build configuration list for PBXProject "GeoMapping" */ = {
			isa = XCConfigurationList;
			buildConfigurations = (
				4484253E1EC7256D00994A7B /* Debug */,
				4484253F1EC7256D00994A7B /* Release */,
			);
			defaultConfigurationIsVisible = 0;
			defaultConfigurationName = Release;
		};
		448425401EC7256D00994A7B /* Build configuration list for PBXNativeTarget "GeoMapping" */ = {
			isa = XCConfigurationList;
			buildConfigurations = (
				448425411EC7256D00994A7B /* Debug */,
				448425421EC7256D00994A7B /* Release */,
			);
			defaultConfigurationIsVisible = 0;
			defaultConfigurationName = Release;
		};
/* End XCConfigurationList section */
	};
	rootObject = 448425211EC7256D00994A7B /* Project object */;
}
